
Microsoft Visual Studio Solution File, Format Version 12.00
# Visual Studio Version 16
VisualStudioVersion = 16.0.36631.11
MinimumVisualStudioVersion = 10.0.40219.1
Project("{8BC9CEB8-8B4A-11D0-8D11-00A0C91BC942}") = "Dynamic_Lib", "Dynamic_Lib.vcxproj", "{54A3A940-F2F6-433C-BDA2-6FB55088D47D}"
EndProject
Global
	GlobalSection(SolutionConfigurationPlatforms) = preSolution
		Debug|x64 = Debug|x64
		Debug|x86 = Debug|x86
		Release|x64 = Release|x64
		Release|x86 = Release|x86
	EndGlobalSection
	GlobalSection(ProjectConfigurationPlatforms) = postSolution
		{54A3A940-F2F6-433C-BDA2-6FB55088D47D}.Debug|x64.ActiveCfg = Debug|x64
		{54A3A940-F2F6-433C-BDA2-6FB55088D47D}.Debug|x64.Build.0 = Debug|x64
		{54A3A940-F2F6-433C-BDA2-6FB55088D47D}.Debug|x86.ActiveCfg = Debug|Win32
		{54A3A940-F2F6-433C-BDA2-6FB55088D47D}.Debug|x86.Build.0 = Debug|Win32
		{54A3A940-F2F6-433C-BDA2-6FB55088D47D}.Release|x64.ActiveCfg = Release|x64
		{54A3A940-F2F6-433C-BDA2-6FB55088D47D}.Release|x64.Build.0 = Release|x64
		{54A3A940-F2F6-433C-BDA2-6FB55088D47D}.Release|x86.ActiveCfg = Release|Win32
		{54A3A940-F2F6-433C-BDA2-6FB55088D47D}.Release|x86.Build.0 = Release|Win32
	EndGlobalSection
	GlobalSection(SolutionProperties) = preSolution
		HideSolutionNode = FALSE
	EndGlobalSection
	GlobalSection(ExtensibilityGlobals) = postSolution
		SolutionGuid = {6F4F9D9E-6F90-4746-92F1-CA8A46DB6BCA}
	EndGlobalSection
EndGlobal
